
Microsoft Visual Studio Solution File, Format Version 12.00
# Visual Studio Version 16
VisualStudioVersion = 16.0.32228.343
MinimumVisualStudioVersion = 10.0.40219.1
Project("{9A19103F-16F7-4668-BE54-9A1E7A4F7556}") = "MineField", "MineField.csproj", "{347A9FAE-F04B-49A4-A096-0C16AAA90FE9}"
EndProject
Project("{FAE04EC0-301F-11D3-BF4B-00C04F79EFBC}") = "MineField.Common", "..\MineField.Common\MineField.Common.csproj", "{C4F79F02-05D7-4DA5-894B-DB1A6452B0DD}"
EndProject
Global
	GlobalSection(SolutionConfigurationPlatforms) = preSolution
		Debug|Any CPU = Debug|Any CPU
		Release|Any CPU = Release|Any CPU
	EndGlobalSection
	GlobalSection(ProjectConfigurationPlatforms) = postSolution
		{347A9FAE-F04B-49A4-A096-0C16AAA90FE9}.Debug|Any CPU.ActiveCfg = Debug|Any CPU
		{347A9FAE-F04B-49A4-A096-0C16AAA90FE9}.Debug|Any CPU.Build.0 = Debug|Any CPU
		{347A9FAE-F04B-49A4-A096-0C16AAA90FE9}.Release|Any CPU.ActiveCfg = Release|Any CPU
		{347A9FAE-F04B-49A4-A096-0C16AAA90FE9}.Release|Any CPU.Build.0 = Release|Any CPU
		{C4F79F02-05D7-4DA5-894B-DB1A6452B0DD}.Debug|Any CPU.ActiveCfg = Debug|Any CPU
		{C4F79F02-05D7-4DA5-894B-DB1A6452B0DD}.Debug|Any CPU.Build.0 = Debug|Any CPU
		{C4F79F02-05D7-4DA5-894B-DB1A6452B0DD}.Release|Any CPU.ActiveCfg = Release|Any CPU
		{C4F79F02-05D7-4DA5-894B-DB1A6452B0DD}.Release|Any CPU.Build.0 = Release|Any CPU
	EndGlobalSection
	GlobalSection(SolutionProperties) = preSolution
		HideSolutionNode = FALSE
	EndGlobalSection
	GlobalSection(ExtensibilityGlobals) = postSolution
		SolutionGuid = {8B9CE06B-D4B1-4AD6-937E-058680064313}
	EndGlobalSection
EndGlobal
